
Microsoft Visual Studio Solution File, Format Version 12.00
# Visual Studio Version 16
VisualStudioVersion = 16.0.28803.202
MinimumVisualStudioVersion = 10.0.40219.1
Project("{FAE04EC0-301F-11D3-BF4B-00C04F79EFBC}") = "SST", "SST\SST.csproj", "{1AB250B4-C4D4-4AE5-ABD6-5C8C4C9AA4C4}"
EndProject
Global
	GlobalSection(SolutionConfigurationPlatforms) = preSolution
		Debug|Any CPU = Debug|Any CPU
		Release|Any CPU = Release|Any CPU
	EndGlobalSection
	GlobalSection(ProjectConfigurationPlatforms) = postSolution
		{1AB250B4-C4D4-4AE5-ABD6-5C8C4C9AA4C4}.Debug|Any CPU.ActiveCfg = Debug|Any CPU
		{1AB250B4-C4D4-4AE5-ABD6-5C8C4C9AA4C4}.Debug|Any CPU.Build.0 = Debug|Any CPU
		{1AB250B4-C4D4-4AE5-ABD6-5C8C4C9AA4C4}.Release|Any CPU.ActiveCfg = Release|Any CPU
		{1AB250B4-C4D4-4AE5-ABD6-5C8C4C9AA4C4}.Release|Any CPU.Build.0 = Release|Any CPU
	EndGlobalSection
	GlobalSection(SolutionProperties) = preSolution
		HideSolutionNode = FALSE
	EndGlobalSection
	GlobalSection(ExtensibilityGlobals) = postSolution
		SolutionGuid = {48E96DB3-B55A-4BB0-AD37-467FEB48E732}
	EndGlobalSection
EndGlobal
